
Microsoft Visual Studio Solution File, Format Version 12.00
# Visual Studio Version 17
VisualStudioVersion = 17.11.35312.102
MinimumVisualStudioVersion = 10.0.40219.1
Project("{9A19103F-16F7-4668-BE54-9A1E7A4F7556}") = "TodoList", "TodoList\TodoList.csproj", "{672E9A44-2ABE-4459-8002-F833794C61B8}"
EndProject
Project("{9A19103F-16F7-4668-BE54-9A1E7A4F7556}") = "TodoList.Domain", "TodoList.Domain\TodoList.Domain.csproj", "{C3A07D95-AD14-4DED-8D66-365683C54F79}"
EndProject
Global
	GlobalSection(SolutionConfigurationPlatforms) = preSolution
		Debug|Any CPU = Debug|Any CPU
		Release|Any CPU = Release|Any CPU
	EndGlobalSection
	GlobalSection(ProjectConfigurationPlatforms) = postSolution
		{672E9A44-2ABE-4459-8002-F833794C61B8}.Debug|Any CPU.ActiveCfg = Debug|Any CPU
		{672E9A44-2ABE-4459-8002-F833794C61B8}.Debug|Any CPU.Build.0 = Debug|Any CPU
		{672E9A44-2ABE-4459-8002-F833794C61B8}.Release|Any CPU.ActiveCfg = Release|Any CPU
		{672E9A44-2ABE-4459-8002-F833794C61B8}.Release|Any CPU.Build.0 = Release|Any CPU
		{C3A07D95-AD14-4DED-8D66-365683C54F79}.Debug|Any CPU.ActiveCfg = Debug|Any CPU
		{C3A07D95-AD14-4DED-8D66-365683C54F79}.Debug|Any CPU.Build.0 = Debug|Any CPU
		{C3A07D95-AD14-4DED-8D66-365683C54F79}.Release|Any CPU.ActiveCfg = Release|Any CPU
		{C3A07D95-AD14-4DED-8D66-365683C54F79}.Release|Any CPU.Build.0 = Release|Any CPU
	EndGlobalSection
	GlobalSection(SolutionProperties) = preSolution
		HideSolutionNode = FALSE
	EndGlobalSection
	GlobalSection(ExtensibilityGlobals) = postSolution
		SolutionGuid = {65F18AC3-8455-4105-9E65-FBC5BEFFD35B}
	EndGlobalSection
EndGlobal
